
Microsoft Visual Studio Solution File, Format Version 12.00
# Visual Studio Version 16
VisualStudioVersion = 16.0.31129.286
MinimumVisualStudioVersion = 10.0.40219.1
Project("{FAE04EC0-301F-11D3-BF4B-00C04F79EFBC}") = "TradieFYP", "TradieFYP\TradieFYP.csproj", "{72B01CC3-9F84-4EC1-A542-8B5E4217A497}"
EndProject
Global
	GlobalSection(SolutionConfigurationPlatforms) = preSolution
		Debug|Any CPU = Debug|Any CPU
		Release|Any CPU = Release|Any CPU
	EndGlobalSection
	GlobalSection(ProjectConfigurationPlatforms) = postSolution
		{72B01CC3-9F84-4EC1-A542-8B5E4217A497}.Debug|Any CPU.ActiveCfg = Debug|Any CPU
		{72B01CC3-9F84-4EC1-A542-8B5E4217A497}.Debug|Any CPU.Build.0 = Debug|Any CPU
		{72B01CC3-9F84-4EC1-A542-8B5E4217A497}.Release|Any CPU.ActiveCfg = Release|Any CPU
		{72B01CC3-9F84-4EC1-A542-8B5E4217A497}.Release|Any CPU.Build.0 = Release|Any CPU
	EndGlobalSection
	GlobalSection(SolutionProperties) = preSolution
		HideSolutionNode = FALSE
	EndGlobalSection
	GlobalSection(ExtensibilityGlobals) = postSolution
		SolutionGuid = {06534751-F578-4704-90AF-C7561643B0CC}
	EndGlobalSection
EndGlobal
